github.com/go-gl/gl v0.0.0-20211025173605-bda47ffaa784 h1:1Zi56D0LNfvkzM+BdoxKryvUEdyWO7LP8oRT+oSYJW0=
github.com/go-gl/gl v0.0.0-20211025173605-bda47ffaa784/go.mod h1:9YTyiznxEY1fVinfM7RvRcjRHbw2xLBJ3AAGIT0I4Nw=
github.com/go-gl/gl v0.0.0-20211210172815-726fda9656d6 h1:zDw5v7qm4yH7N8C8uWd+8Ii9rROdgWxQuGoJ9WDXxfk=
github.com/go-gl/gl v0.0.0-20211210172815-726fda9656d6/go.mod h1:9YTyiznxEY1fVinfM7RvRcjRHbw2xLBJ3AAGIT0I4Nw=
github.com/go-gl/glfw/v3.3/glfw v0.0.0-20211024062804-40e447a793be h1:Z28GdQBfKOL8tNHjvaDn3wHDO7AzTRkmAXvHvnopp98=
github.com/go-gl/glfw/v3.3/glfw v0.0.0-20211024062804-40e447a793be/go.mod h1:tQ2UAYgL5IevRw8kRxooKSPJfGvJ9fJQFa0TUsXzTg8=
github.com/go-gl/glfw/v3.3/glfw v0.0.0-20220516021902-eb3e265c7661 h1:1bpooddSK2996NWM/1TW59cchQOm9MkoV9DkhSJH1BI=
github.com/go-gl/glfw/v3.3/glfw v0.0.0-20220516021902-eb3e265c7661/go.mod h1:tQ2UAYgL5IevRw8kRxooKSPJfGvJ9fJQFa0TUsXzTg8=
github.com/veandco/go-sdl2 v0.5.0-alpha.1.0.20211011035448-93229da6a705 h1:sWdidDVs2IF9OalYguTYEhCMijRAsFeM8s2sWfq0nV4=
github.com/veandco/go-sdl2 v0.5.0-alpha.1.0.20211011035448-93229da6a705/go.mod h1:OROqMhHD43nT4/i9crJukyVecjPNYYuCofep6SNiAjY=
github.com/veandco/go-sdl2 v0.5.0-alpha.3 h1:LHFOoxApjKfAN+Egn5rq0zD/PsPZEPpVSxQiVzQ89yw=
github.com/veandco/go-sdl2 v0.5.0-alpha.3/go.mod h1:OROqMhHD43nT4/i9crJukyVecjPNYYuCofep6SNiAjY=
