github.com/go-chi/chi/v5 v5.0.7 h1:rDTPXLDHGATaeHvVlLcR4Qe0zftYethFucbjVQ1PxU8=
github.com/go-chi/chi/v5 v5.0.7/go.mod h1:DslCQbL2OYiznFReuXYUmQ2hGd1aDpCnlMNITLSKoi8=
github.com/go-gl/gl v0.0.0-20211210172815-726fda9656d6 h1:zDw5v7qm4yH7N8C8uWd+8Ii9rROdgWxQuGoJ9WDXxfk=
github.com/go-gl/gl v0.0.0-20211210172815-726fda9656d6/go.mod h1:9YTyiznxEY1fVinfM7RvRcjRHbw2xLBJ3AAGIT0I4Nw=
github.com/go-gl/glfw/v3.3/glfw v0.0.0-20220712193148-63cf1f4ef61f h1:w3h343WgVLKLITcSpwecCDcq0FO8pAv6A/UG86hhFtY=
github.com/go-gl/glfw/v3.3/glfw v0.0.0-20220712193148-63cf1f4ef61f/go.mod h1:tQ2UAYgL5IevRw8kRxooKSPJfGvJ9fJQFa0TUsXzTg8=
github.com/retroenv/retrogolib v0.0.0-20220905232955-467685277313 h1:coRx/7Wm4SIzCM497DHC1sdm2dxCaReVAFzZhtsWtZQ=
github.com/retroenv/retrogolib v0.0.0-20220905232955-467685277313/go.mod h1:sXfDvoNv+xOI7kPfJ35bQXDXg7I6KX17DJwSQFTcOwA=
github.com/veandco/go-sdl2 v0.5.0-alpha.3.0.20220618050328-0a1c48d0d435 h1:iVtAn1L1CcGVVq6kzo/T8+f6MkP/MsRa1sfE9v4+ttk=
github.com/veandco/go-sdl2 v0.5.0-alpha.3.0.20220618050328-0a1c48d0d435/go.mod h1:OROqMhHD43nT4/i9crJukyVecjPNYYuCofep6SNiAjY=
