github.com/go-gl/gl v0.0.0-20211210172815-726fda9656d6 h1:zDw5v7qm4yH7N8C8uWd+8Ii9rROdgWxQuGoJ9WDXxfk=
github.com/go-gl/gl v0.0.0-20211210172815-726fda9656d6/go.mod h1:9YTyiznxEY1fVinfM7RvRcjRHbw2xLBJ3AAGIT0I4Nw=
github.com/go-gl/glfw/v3.3/glfw v0.0.0-20220622232848-a6c407ee30a0 h1:ZWsNtyC3mgUL48DikCfjkyiaRYZ3OL2XBfn7JJs2/ZE=
github.com/go-gl/glfw/v3.3/glfw v0.0.0-20220622232848-a6c407ee30a0/go.mod h1:tQ2UAYgL5IevRw8kRxooKSPJfGvJ9fJQFa0TUsXzTg8=
github.com/go-gl/glfw/v3.3/glfw v0.0.0-20220712193148-63cf1f4ef61f h1:w3h343WgVLKLITcSpwecCDcq0FO8pAv6A/UG86hhFtY=
github.com/go-gl/glfw/v3.3/glfw v0.0.0-20220712193148-63cf1f4ef61f/go.mod h1:tQ2UAYgL5IevRw8kRxooKSPJfGvJ9fJQFa0TUsXzTg8=
github.com/veandco/go-sdl2 v0.5.0-alpha.3.0.20220618050328-0a1c48d0d435 h1:iVtAn1L1CcGVVq6kzo/T8+f6MkP/MsRa1sfE9v4+ttk=
github.com/veandco/go-sdl2 v0.5.0-alpha.3.0.20220618050328-0a1c48d0d435/go.mod h1:OROqMhHD43nT4/i9crJukyVecjPNYYuCofep6SNiAjY=
